
Microsoft Visual Studio Solution File, Format Version 12.00
# Visual Studio Version 17
VisualStudioVersion = 17.14.37111.16
MinimumVisualStudioVersion = 10.0.40219.1
Project("{FAE04EC0-301F-11D3-BF4B-00C04F79EFBC}") = "PaymentApprovalPortal", "PaymentApprovalPortal.csproj", "{59BD5410-B837-11CC-FD61-FEEF19451950}"
EndProject
Project("{FAE04EC0-301F-11D3-BF4B-00C04F79EFBC}") = "PaymentApprovalPortal.Tests", "..\PaymentApprovalPortal.Tests\PaymentApprovalPortal.Tests.csproj", "{666F41EB-DAC0-4E4A-9382-1A6A853AEBB1}"
EndProject
Global
	GlobalSection(SolutionConfigurationPlatforms) = preSolution
		Debug|Any CPU = Debug|Any CPU
		Release|Any CPU = Release|Any CPU
	EndGlobalSection
	GlobalSection(ProjectConfigurationPlatforms) = postSolution
		{59BD5410-B837-11CC-FD61-FEEF19451950}.Debug|Any CPU.ActiveCfg = Debug|Any CPU
		{59BD5410-B837-11CC-FD61-FEEF19451950}.Debug|Any CPU.Build.0 = Debug|Any CPU
		{59BD5410-B837-11CC-FD61-FEEF19451950}.Release|Any CPU.ActiveCfg = Release|Any CPU
		{59BD5410-B837-11CC-FD61-FEEF19451950}.Release|Any CPU.Build.0 = Release|Any CPU
		{666F41EB-DAC0-4E4A-9382-1A6A853AEBB1}.Debug|Any CPU.ActiveCfg = Debug|Any CPU
		{666F41EB-DAC0-4E4A-9382-1A6A853AEBB1}.Debug|Any CPU.Build.0 = Debug|Any CPU
		{666F41EB-DAC0-4E4A-9382-1A6A853AEBB1}.Release|Any CPU.ActiveCfg = Release|Any CPU
		{666F41EB-DAC0-4E4A-9382-1A6A853AEBB1}.Release|Any CPU.Build.0 = Release|Any CPU
	EndGlobalSection
	GlobalSection(SolutionProperties) = preSolution
		HideSolutionNode = FALSE
	EndGlobalSection
	GlobalSection(ExtensibilityGlobals) = postSolution
		SolutionGuid = {ECDBB8CB-10AA-4897-A9FF-311B498FF0CC}
	EndGlobalSection
EndGlobal
